<?xml version="1.0" encoding="utf-8"?>
<Project ToolsVersion="4.0" xmlns="http://schemas.microsoft.com/developer/msbuild/2003">
  <ItemGroup>
    <Filter Include="Source Files">
      <UniqueIdentifier>{4FC737F1-C7A5-4376-A066-2A32D752A2FF}</UniqueIdentifier>
      <Extensions>cpp;c;cc;cxx;c++;cppm;ixx;def;odl;idl;hpj;bat;asm;asmx</Extensions>
    </Filter>
    <Filter Include="Header Files">
      <UniqueIdentifier>{93995380-89BD-4b04-88EB-625FBE52EBFB}</UniqueIdentifier>
      <Extensions>h;hh;hpp;hxx;h++;hm;inl;inc;ipp;xsd</Extensions>
    </Filter>
  </ItemGroup>
  <ItemGroup>
    <ClCompile Include="main.cpp">
      <Filter>Source Files</Filter>
    </ClCompile>
    <ClCompile Include="leftfactoring.cpp">
      <Filter>Source Files</Filter>
    </ClCompile>
    <ClCompile Include="cfg.cpp">
      <Filter>Source Files</Filter>
    </ClCompile>
    <ClCompile Include="leftrecursion.cpp">
      <Filter>Source Files</Filter>
    </ClCompile>
    <ClCompile Include="ll_1_parser.cpp">
      <Filter>Source Files</Filter>
    </ClCompile>
    <ClCompile Include="stringParser.cpp">
      <Filter>Source Files</Filter>
    </ClCompile>
  </ItemGroup>
  <ItemGroup>
    <Text Include="cfg3.txt" />
    <Text Include="cfg4.txt" />
    <Text Include="cfg5.txt" />
    <Text Include="cfg6.txt" />
    <Text Include="cfg7.txt" />
    <Text Include="cfg8.txt" />
    <Text Include="cfg9.txt" />
    <Text Include="cfg10.txt" />
    <Text Include="cfg2.txt" />
    <Text Include="cfg1.txt" />
    <Text Include="input_strings.txt" />
  </ItemGroup>
  <ItemGroup>
    <ClInclude Include="leftfactoring.h">
      <Filter>Header Files</Filter>
    </ClInclude>
    <ClInclude Include="cfg.h">
      <Filter>Header Files</Filter>
    </ClInclude>
    <ClInclude Include="leftrecursion.h">
      <Filter>Header Files</Filter>
    </ClInclude>
    <ClInclude Include="ll_1_parser.h">
      <Filter>Header Files</Filter>
    </ClInclude>
    <ClInclude Include="resource.h">
      <Filter>Header Files</Filter>
    </ClInclude>
    <ClInclude Include="stringParser.h">
      <Filter>Header Files</Filter>
    </ClInclude>
  </ItemGroup>
</Project>